
Microsoft Visual Studio Solution File, Format Version 12.00
# Visual Studio Version 17
VisualStudioVersion = 17.5.33424.131
MinimumVisualStudioVersion = 10.0.40219.1
Project("{9A19103F-16F7-4668-BE54-9A1E7A4F7556}") = "HPCsharp", "HPCsharp\HPCsharp.csproj", "{5EED18E7-05C3-4789-AA67-D95C6884CF56}"
EndProject
Project("{9A19103F-16F7-4668-BE54-9A1E7A4F7556}") = "HPCSharp.UnitTests", "HPCSharp.UnitTests\HPCSharp.UnitTests.csproj", "{89FE7663-7FC4-470E-A898-2A83B81F4CFF}"
EndProject
Global
	GlobalSection(SolutionConfigurationPlatforms) = preSolution
		Debug|Any CPU = Debug|Any CPU
		Debug|x64 = Debug|x64
		Debug|x86 = Debug|x86
		Release|Any CPU = Release|Any CPU
		Release|x64 = Release|x64
		Release|x86 = Release|x86
	EndGlobalSection
	GlobalSection(ProjectConfigurationPlatforms) = postSolution
		{5EED18E7-05C3-4789-AA67-D95C6884CF56}.Debug|Any CPU.ActiveCfg = Debug|Any CPU
		{5EED18E7-05C3-4789-AA67-D95C6884CF56}.Debug|Any CPU.Build.0 = Debug|Any CPU
		{5EED18E7-05C3-4789-AA67-D95C6884CF56}.Debug|x64.ActiveCfg = Debug|Any CPU
		{5EED18E7-05C3-4789-AA67-D95C6884CF56}.Debug|x64.Build.0 = Debug|Any CPU
		{5EED18E7-05C3-4789-AA67-D95C6884CF56}.Debug|x86.ActiveCfg = Debug|Any CPU
		{5EED18E7-05C3-4789-AA67-D95C6884CF56}.Debug|x86.Build.0 = Debug|Any CPU
		{5EED18E7-05C3-4789-AA67-D95C6884CF56}.Release|Any CPU.ActiveCfg = Release|Any CPU
		{5EED18E7-05C3-4789-AA67-D95C6884CF56}.Release|Any CPU.Build.0 = Release|Any CPU
		{5EED18E7-05C3-4789-AA67-D95C6884CF56}.Release|x64.ActiveCfg = Release|x64
		{5EED18E7-05C3-4789-AA67-D95C6884CF56}.Release|x64.Build.0 = Release|x64
		{5EED18E7-05C3-4789-AA67-D95C6884CF56}.Release|x86.ActiveCfg = Release|Any CPU
		{5EED18E7-05C3-4789-AA67-D95C6884CF56}.Release|x86.Build.0 = Release|Any CPU
		{89FE7663-7FC4-470E-A898-2A83B81F4CFF}.Debug|Any CPU.ActiveCfg = Debug|Any CPU
		{89FE7663-7FC4-470E-A898-2A83B81F4CFF}.Debug|Any CPU.Build.0 = Debug|Any CPU
		{89FE7663-7FC4-470E-A898-2A83B81F4CFF}.Debug|x64.ActiveCfg = Debug|Any CPU
		{89FE7663-7FC4-470E-A898-2A83B81F4CFF}.Debug|x64.Build.0 = Debug|Any CPU
		{89FE7663-7FC4-470E-A898-2A83B81F4CFF}.Debug|x86.ActiveCfg = Debug|Any CPU
		{89FE7663-7FC4-470E-A898-2A83B81F4CFF}.Debug|x86.Build.0 = Debug|Any CPU
		{89FE7663-7FC4-470E-A898-2A83B81F4CFF}.Release|Any CPU.ActiveCfg = Release|Any CPU
		{89FE7663-7FC4-470E-A898-2A83B81F4CFF}.Release|Any CPU.Build.0 = Release|Any CPU
		{89FE7663-7FC4-470E-A898-2A83B81F4CFF}.Release|x64.ActiveCfg = Release|x64
		{89FE7663-7FC4-470E-A898-2A83B81F4CFF}.Release|x64.Build.0 = Release|x64
		{89FE7663-7FC4-470E-A898-2A83B81F4CFF}.Release|x86.ActiveCfg = Release|Any CPU
		{89FE7663-7FC4-470E-A898-2A83B81F4CFF}.Release|x86.Build.0 = Release|Any CPU
	EndGlobalSection
	GlobalSection(SolutionProperties) = preSolution
		HideSolutionNode = FALSE
	EndGlobalSection
	GlobalSection(ExtensibilityGlobals) = postSolution
		SolutionGuid = {4D6F06FE-014D-4EE6-A272-76193B9F0BEF}
	EndGlobalSection
EndGlobal
